
Microsoft Visual Studio Solution File, Format Version 12.00
# Visual Studio 15
VisualStudioVersion = 15.0.27130.0
MinimumVisualStudioVersion = 10.0.40219.1
Project("{2150E333-8FDC-42A3-9474-1A3956D46DE8}") = "Examples", "Examples", "{09500149-EE68-4026-950A-CB2F72DDFD4B}"
EndProject
Project("{2150E333-8FDC-42A3-9474-1A3956D46DE8}") = "Extensions", "Extensions", "{40BB5A39-D9CA-4C56-8E42-AE3ABFC35DBD}"
EndProject
Project("{2150E333-8FDC-42A3-9474-1A3956D46DE8}") = "Tests", "Tests", "{49220397-56D3-42F8-930E-9834FA2A98E9}"
EndProject
Project("{FAE04EC0-301F-11D3-BF4B-00C04F79EFBC}") = "EF.DbContextFactory.Examples.Data", "src\Examples\EF.DbContextFactory.Data\EF.DbContextFactory.Examples.Data.csproj", "{FCD8D62D-2699-4601-A29A-E144DB466319}"
EndProject
Project("{FAE04EC0-301F-11D3-BF4B-00C04F79EFBC}") = "EF.DbContextFactory.Examples.NInject", "src\Examples\EF.DbContextFactory.Examples.NInject\EF.DbContextFactory.Examples.NInject.csproj", "{548A038D-51F1-49A6-9351-14576EBB2527}"
EndProject
Project("{FAE04EC0-301F-11D3-BF4B-00C04F79EFBC}") = "EF.DbContextFactory.Examples.NInject.WebApi", "src\Examples\EF.DbContextFactory.Examples.NInject.WebApi\EF.DbContextFactory.Examples.NInject.WebApi.csproj", "{20DEF829-03D6-496F-985F-E401154D8F19}"
EndProject
Project("{FAE04EC0-301F-11D3-BF4B-00C04F79EFBC}") = "EF.DbContextFactory.Examples.SimpleInjector", "src\Examples\EF.DbContextFactory.Examples.SimpleInjector\EF.DbContextFactory.Examples.SimpleInjector.csproj", "{70B4A810-382C-4DB1-B24F-25B2302DAE6C}"
EndProject
Project("{FAE04EC0-301F-11D3-BF4B-00C04F79EFBC}") = "EF.DbContextFactory.Examples.StructureMap", "src\Examples\EF.DbContextFactory.Examples.StructureMap\EF.DbContextFactory.Examples.StructureMap.csproj", "{647EC795-5A8D-4E62-91BF-FC618691B218}"
EndProject
Project("{FAE04EC0-301F-11D3-BF4B-00C04F79EFBC}") = "EF.DbContextFactory.Examples.StructureMap.WebApi", "src\Examples\EF.DbContextFactory.Examples.StructureMap.WebApi\EF.DbContextFactory.Examples.StructureMap.WebApi.csproj", "{F540D65B-FA68-4F45-9755-150C67CA4CAC}"
EndProject
Project("{FAE04EC0-301F-11D3-BF4B-00C04F79EFBC}") = "EF.DbContextFactory.Examples.StructureMap41.WebApi", "src\Examples\EF.DbContextFactory.Examples.StructureMap41.WebApi\EF.DbContextFactory.Examples.StructureMap41.WebApi.csproj", "{6F0E14D0-55F5-43A3-9CBD-06E9D117E878}"
EndProject
Project("{FAE04EC0-301F-11D3-BF4B-00C04F79EFBC}") = "EF.DbContextFactory.Examples.Unity", "src\Examples\EF.DbContextFactory.Examples.Unity\EF.DbContextFactory.Examples.Unity.csproj", "{3CB15087-148C-4AA4-98CC-E9B70AAADEB3}"
EndProject
Project("{FAE04EC0-301F-11D3-BF4B-00C04F79EFBC}") = "EF.DbContextFactory.Examples.Unity.WebApi", "src\Examples\EF.DbContextFactory.Examples.Unity.WebApi\EF.DbContextFactory.Examples.Unity.WebApi.csproj", "{84F530C8-85F9-44D0-BBB6-F70555274D9F}"
EndProject
Project("{9A19103F-16F7-4668-BE54-9A1E7A4F7556}") = "EFCore.DbContextFactory.Examples.Data", "src\Examples\EFCore.DbContextFactory.Examples.Data\EFCore.DbContextFactory.Examples.Data.csproj", "{0C0BA832-0A40-402E-A011-1CEB1D054877}"
EndProject
Project("{9A19103F-16F7-4668-BE54-9A1E7A4F7556}") = "EFCore.DbContextFactory.Examples.WebApi", "src\Examples\EFCore.DbContextFactory.Examples.WebApi\EFCore.DbContextFactory.Examples.WebApi.csproj", "{C9168D16-0285-46A1-A7B6-7FE29D78E891}"
EndProject
Project("{FAE04EC0-301F-11D3-BF4B-00C04F79EFBC}") = "EF.DbContextFactory.Ninject", "src\Extensions\EF.DbContextFactory.NInject\EF.DbContextFactory.Ninject.csproj", "{7B14E1C1-CA1A-44AF-AFD7-A56049F0798D}"
EndProject
Project("{FAE04EC0-301F-11D3-BF4B-00C04F79EFBC}") = "EF.DbContextFactory.SimpleInjector", "src\Extensions\EF.DbContextFactory.SimpleInjector\EF.DbContextFactory.SimpleInjector.csproj", "{135EEF22-B3AD-4765-90DE-AECF97D9047D}"
EndProject
Project("{FAE04EC0-301F-11D3-BF4B-00C04F79EFBC}") = "EF.DbContextFactory.StructureMap", "src\Extensions\EF.DbContextFactory.StructureMap\EF.DbContextFactory.StructureMap.csproj", "{4A1E97DB-C412-4B26-A96E-EE978A131173}"
EndProject
Project("{FAE04EC0-301F-11D3-BF4B-00C04F79EFBC}") = "EF.DbContextFactory.StructureMap.WebApi", "src\Extensions\EF.DbContextFactory.StructureMap.WebApi\EF.DbContextFactory.StructureMap.WebApi.csproj", "{6F137A30-4D3E-425E-9D43-C680EE60B3DD}"
EndProject
Project("{FAE04EC0-301F-11D3-BF4B-00C04F79EFBC}") = "EF.DbContextFactory.Unity", "src\Extensions\EF.DbContextFactory.Unity\EF.DbContextFactory.Unity.csproj", "{F1C643C7-5507-49B4-95BE-3AD9622011D1}"
EndProject
Project("{9A19103F-16F7-4668-BE54-9A1E7A4F7556}") = "EFCore.DbContextFactory", "src\Extensions\EFCore.DbContextFactory\EFCore.DbContextFactory.csproj", "{65168589-72BA-41DB-9160-67CAEAF71CD8}"
EndProject
Project("{FAE04EC0-301F-11D3-BF4B-00C04F79EFBC}") = "EF.DbContextFactory.IntegrationTest.Ninject", "src\Tests\EF.DbContextFactory.IntegrationTest.Ninject\EF.DbContextFactory.IntegrationTest.Ninject.csproj", "{F39F9EA8-E152-44B0-BB1D-CB46BF88B466}"
EndProject
Project("{FAE04EC0-301F-11D3-BF4B-00C04F79EFBC}") = "EF.DbContextFactory.IntegrationTest.SimpleInjector", "src\Tests\EF.DbContextFactory.IntegrationTest.SimpleInjector\EF.DbContextFactory.IntegrationTest.SimpleInjector.csproj", "{55327DAB-7E37-4CB8-8307-4CA0B9E312D6}"
EndProject
Project("{FAE04EC0-301F-11D3-BF4B-00C04F79EFBC}") = "EF.DbContextFactory.IntegrationTest.StructureMap", "src\Tests\EF.DbContextFactory.IntegrationTest.StructureMap\EF.DbContextFactory.IntegrationTest.StructureMap.csproj", "{3B8FF532-B456-4B59-825D-B39AB5A67EC9}"
EndProject
Project("{FAE04EC0-301F-11D3-BF4B-00C04F79EFBC}") = "EF.DbContextFactory.IntegrationTest.StructureMap41.WebApi", "src\Tests\EF.DbContextFactory.IntegrationTest.StructureMap41.WebApi\EF.DbContextFactory.IntegrationTest.StructureMap41.WebApi.csproj", "{CD2A7DDD-2713-4760-AEBF-278D315FE311}"
EndProject
Project("{FAE04EC0-301F-11D3-BF4B-00C04F79EFBC}") = "EF.DbContextFactory.IntegrationTest.Unity", "src\Tests\EF.DbContextFactory.IntegrationTest.Unity\EF.DbContextFactory.IntegrationTest.Unity.csproj", "{66050720-F426-478C-98EC-28AB0D3D6966}"
EndProject
Project("{FAE04EC0-301F-11D3-BF4B-00C04F79EFBC}") = "EF.DbContextFactory.UnitTest.Data", "src\Tests\EF.DbContextFactory.UnitTest.Data\EF.DbContextFactory.UnitTest.Data.csproj", "{8E7C1F7D-1BC4-411C-93F4-0385E97047EC}"
EndProject
Project("{9A19103F-16F7-4668-BE54-9A1E7A4F7556}") = "EFCore.DbContextFactory.IntegrationTest", "src\Tests\EFCore.DbContextFactory.IntegrationTest\EFCore.DbContextFactory.IntegrationTest.csproj", "{DA0B3D3E-3579-45FA-BCD7-6486F8F0BE26}"
EndProject
Global
	GlobalSection(SolutionConfigurationPlatforms) = preSolution
		Debug|Any CPU = Debug|Any CPU
		Release|Any CPU = Release|Any CPU
	EndGlobalSection
	GlobalSection(ProjectConfigurationPlatforms) = postSolution
		{FCD8D62D-2699-4601-A29A-E144DB466319}.Debug|Any CPU.ActiveCfg = Debug|Any CPU
		{FCD8D62D-2699-4601-A29A-E144DB466319}.Debug|Any CPU.Build.0 = Debug|Any CPU
		{FCD8D62D-2699-4601-A29A-E144DB466319}.Release|Any CPU.ActiveCfg = Release|Any CPU
		{FCD8D62D-2699-4601-A29A-E144DB466319}.Release|Any CPU.Build.0 = Release|Any CPU
		{548A038D-51F1-49A6-9351-14576EBB2527}.Debug|Any CPU.ActiveCfg = Debug|Any CPU
		{548A038D-51F1-49A6-9351-14576EBB2527}.Debug|Any CPU.Build.0 = Debug|Any CPU
		{548A038D-51F1-49A6-9351-14576EBB2527}.Release|Any CPU.ActiveCfg = Release|Any CPU
		{548A038D-51F1-49A6-9351-14576EBB2527}.Release|Any CPU.Build.0 = Release|Any CPU
		{20DEF829-03D6-496F-985F-E401154D8F19}.Debug|Any CPU.ActiveCfg = Debug|Any CPU
		{20DEF829-03D6-496F-985F-E401154D8F19}.Debug|Any CPU.Build.0 = Debug|Any CPU
		{20DEF829-03D6-496F-985F-E401154D8F19}.Release|Any CPU.ActiveCfg = Release|Any CPU
		{20DEF829-03D6-496F-985F-E401154D8F19}.Release|Any CPU.Build.0 = Release|Any CPU
		{70B4A810-382C-4DB1-B24F-25B2302DAE6C}.Debug|Any CPU.ActiveCfg = Debug|Any CPU
		{70B4A810-382C-4DB1-B24F-25B2302DAE6C}.Debug|Any CPU.Build.0 = Debug|Any CPU
		{70B4A810-382C-4DB1-B24F-25B2302DAE6C}.Release|Any CPU.ActiveCfg = Release|Any CPU
		{70B4A810-382C-4DB1-B24F-25B2302DAE6C}.Release|Any CPU.Build.0 = Release|Any CPU
		{647EC795-5A8D-4E62-91BF-FC618691B218}.Debug|Any CPU.ActiveCfg = Debug|Any CPU
		{647EC795-5A8D-4E62-91BF-FC618691B218}.Debug|Any CPU.Build.0 = Debug|Any CPU
		{647EC795-5A8D-4E62-91BF-FC618691B218}.Release|Any CPU.ActiveCfg = Release|Any CPU
		{647EC795-5A8D-4E62-91BF-FC618691B218}.Release|Any CPU.Build.0 = Release|Any CPU
		{F540D65B-FA68-4F45-9755-150C67CA4CAC}.Debug|Any CPU.ActiveCfg = Debug|Any CPU
		{F540D65B-FA68-4F45-9755-150C67CA4CAC}.Debug|Any CPU.Build.0 = Debug|Any CPU
		{F540D65B-FA68-4F45-9755-150C67CA4CAC}.Release|Any CPU.ActiveCfg = Release|Any CPU
		{F540D65B-FA68-4F45-9755-150C67CA4CAC}.Release|Any CPU.Build.0 = Release|Any CPU
		{6F0E14D0-55F5-43A3-9CBD-06E9D117E878}.Debug|Any CPU.ActiveCfg = Debug|Any CPU
		{6F0E14D0-55F5-43A3-9CBD-06E9D117E878}.Debug|Any CPU.Build.0 = Debug|Any CPU
		{6F0E14D0-55F5-43A3-9CBD-06E9D117E878}.Release|Any CPU.ActiveCfg = Release|Any CPU
		{6F0E14D0-55F5-43A3-9CBD-06E9D117E878}.Release|Any CPU.Build.0 = Release|Any CPU
		{3CB15087-148C-4AA4-98CC-E9B70AAADEB3}.Debug|Any CPU.ActiveCfg = Debug|Any CPU
		{3CB15087-148C-4AA4-98CC-E9B70AAADEB3}.Debug|Any CPU.Build.0 = Debug|Any CPU
		{3CB15087-148C-4AA4-98CC-E9B70AAADEB3}.Release|Any CPU.ActiveCfg = Release|Any CPU
		{3CB15087-148C-4AA4-98CC-E9B70AAADEB3}.Release|Any CPU.Build.0 = Release|Any CPU
		{84F530C8-85F9-44D0-BBB6-F70555274D9F}.Debug|Any CPU.ActiveCfg = Debug|Any CPU
		{84F530C8-85F9-44D0-BBB6-F70555274D9F}.Debug|Any CPU.Build.0 = Debug|Any CPU
		{84F530C8-85F9-44D0-BBB6-F70555274D9F}.Release|Any CPU.ActiveCfg = Release|Any CPU
		{84F530C8-85F9-44D0-BBB6-F70555274D9F}.Release|Any CPU.Build.0 = Release|Any CPU
		{0C0BA832-0A40-402E-A011-1CEB1D054877}.Debug|Any CPU.ActiveCfg = Debug|Any CPU
		{0C0BA832-0A40-402E-A011-1CEB1D054877}.Debug|Any CPU.Build.0 = Debug|Any CPU
		{0C0BA832-0A40-402E-A011-1CEB1D054877}.Release|Any CPU.ActiveCfg = Release|Any CPU
		{0C0BA832-0A40-402E-A011-1CEB1D054877}.Release|Any CPU.Build.0 = Release|Any CPU
		{C9168D16-0285-46A1-A7B6-7FE29D78E891}.Debug|Any CPU.ActiveCfg = Debug|Any CPU
		{C9168D16-0285-46A1-A7B6-7FE29D78E891}.Debug|Any CPU.Build.0 = Debug|Any CPU
		{C9168D16-0285-46A1-A7B6-7FE29D78E891}.Release|Any CPU.ActiveCfg = Release|Any CPU
		{C9168D16-0285-46A1-A7B6-7FE29D78E891}.Release|Any CPU.Build.0 = Release|Any CPU
		{7B14E1C1-CA1A-44AF-AFD7-A56049F0798D}.Debug|Any CPU.ActiveCfg = Debug|Any CPU
		{7B14E1C1-CA1A-44AF-AFD7-A56049F0798D}.Debug|Any CPU.Build.0 = Debug|Any CPU
		{7B14E1C1-CA1A-44AF-AFD7-A56049F0798D}.Release|Any CPU.ActiveCfg = Release|Any CPU
		{7B14E1C1-CA1A-44AF-AFD7-A56049F0798D}.Release|Any CPU.Build.0 = Release|Any CPU
		{135EEF22-B3AD-4765-90DE-AECF97D9047D}.Debug|Any CPU.ActiveCfg = Debug|Any CPU
		{135EEF22-B3AD-4765-90DE-AECF97D9047D}.Debug|Any CPU.Build.0 = Debug|Any CPU
		{135EEF22-B3AD-4765-90DE-AECF97D9047D}.Release|Any CPU.ActiveCfg = Release|Any CPU
		{135EEF22-B3AD-4765-90DE-AECF97D9047D}.Release|Any CPU.Build.0 = Release|Any CPU
		{4A1E97DB-C412-4B26-A96E-EE978A131173}.Debug|Any CPU.ActiveCfg = Debug|Any CPU
		{4A1E97DB-C412-4B26-A96E-EE978A131173}.Debug|Any CPU.Build.0 = Debug|Any CPU
		{4A1E97DB-C412-4B26-A96E-EE978A131173}.Release|Any CPU.ActiveCfg = Release|Any CPU
		{4A1E97DB-C412-4B26-A96E-EE978A131173}.Release|Any CPU.Build.0 = Release|Any CPU
		{6F137A30-4D3E-425E-9D43-C680EE60B3DD}.Debug|Any CPU.ActiveCfg = Debug|Any CPU
		{6F137A30-4D3E-425E-9D43-C680EE60B3DD}.Debug|Any CPU.Build.0 = Debug|Any CPU
		{6F137A30-4D3E-425E-9D43-C680EE60B3DD}.Release|Any CPU.ActiveCfg = Release|Any CPU
		{6F137A30-4D3E-425E-9D43-C680EE60B3DD}.Release|Any CPU.Build.0 = Release|Any CPU
		{F1C643C7-5507-49B4-95BE-3AD9622011D1}.Debug|Any CPU.ActiveCfg = Debug|Any CPU
		{F1C643C7-5507-49B4-95BE-3AD9622011D1}.Debug|Any CPU.Build.0 = Debug|Any CPU
		{F1C643C7-5507-49B4-95BE-3AD9622011D1}.Release|Any CPU.ActiveCfg = Release|Any CPU
		{F1C643C7-5507-49B4-95BE-3AD9622011D1}.Release|Any CPU.Build.0 = Release|Any CPU
		{65168589-72BA-41DB-9160-67CAEAF71CD8}.Debug|Any CPU.ActiveCfg = Debug|Any CPU
		{65168589-72BA-41DB-9160-67CAEAF71CD8}.Debug|Any CPU.Build.0 = Debug|Any CPU
		{65168589-72BA-41DB-9160-67CAEAF71CD8}.Release|Any CPU.ActiveCfg = Release|Any CPU
		{65168589-72BA-41DB-9160-67CAEAF71CD8}.Release|Any CPU.Build.0 = Release|Any CPU
		{F39F9EA8-E152-44B0-BB1D-CB46BF88B466}.Debug|Any CPU.ActiveCfg = Debug|Any CPU
		{F39F9EA8-E152-44B0-BB1D-CB46BF88B466}.Debug|Any CPU.Build.0 = Debug|Any CPU
		{F39F9EA8-E152-44B0-BB1D-CB46BF88B466}.Release|Any CPU.ActiveCfg = Release|Any CPU
		{F39F9EA8-E152-44B0-BB1D-CB46BF88B466}.Release|Any CPU.Build.0 = Release|Any CPU
		{55327DAB-7E37-4CB8-8307-4CA0B9E312D6}.Debug|Any CPU.ActiveCfg = Debug|Any CPU
		{55327DAB-7E37-4CB8-8307-4CA0B9E312D6}.Debug|Any CPU.Build.0 = Debug|Any CPU
		{55327DAB-7E37-4CB8-8307-4CA0B9E312D6}.Release|Any CPU.ActiveCfg = Release|Any CPU
		{55327DAB-7E37-4CB8-8307-4CA0B9E312D6}.Release|Any CPU.Build.0 = Release|Any CPU
		{3B8FF532-B456-4B59-825D-B39AB5A67EC9}.Debug|Any CPU.ActiveCfg = Debug|Any CPU
		{3B8FF532-B456-4B59-825D-B39AB5A67EC9}.Debug|Any CPU.Build.0 = Debug|Any CPU
		{3B8FF532-B456-4B59-825D-B39AB5A67EC9}.Release|Any CPU.ActiveCfg = Release|Any CPU
		{3B8FF532-B456-4B59-825D-B39AB5A67EC9}.Release|Any CPU.Build.0 = Release|Any CPU
		{CD2A7DDD-2713-4760-AEBF-278D315FE311}.Debug|Any CPU.ActiveCfg = Debug|Any CPU
		{CD2A7DDD-2713-4760-AEBF-278D315FE311}.Debug|Any CPU.Build.0 = Debug|Any CPU
		{CD2A7DDD-2713-4760-AEBF-278D315FE311}.Release|Any CPU.ActiveCfg = Release|Any CPU
		{CD2A7DDD-2713-4760-AEBF-278D315FE311}.Release|Any CPU.Build.0 = Release|Any CPU
		{66050720-F426-478C-98EC-28AB0D3D6966}.Debug|Any CPU.ActiveCfg = Debug|Any CPU
		{66050720-F426-478C-98EC-28AB0D3D6966}.Debug|Any CPU.Build.0 = Debug|Any CPU
		{66050720-F426-478C-98EC-28AB0D3D6966}.Release|Any CPU.ActiveCfg = Release|Any CPU
		{66050720-F426-478C-98EC-28AB0D3D6966}.Release|Any CPU.Build.0 = Release|Any CPU
		{8E7C1F7D-1BC4-411C-93F4-0385E97047EC}.Debug|Any CPU.ActiveCfg = Debug|Any CPU
		{8E7C1F7D-1BC4-411C-93F4-0385E97047EC}.Debug|Any CPU.Build.0 = Debug|Any CPU
		{8E7C1F7D-1BC4-411C-93F4-0385E97047EC}.Release|Any CPU.ActiveCfg = Release|Any CPU
		{8E7C1F7D-1BC4-411C-93F4-0385E97047EC}.Release|Any CPU.Build.0 = Release|Any CPU
		{DA0B3D3E-3579-45FA-BCD7-6486F8F0BE26}.Debug|Any CPU.ActiveCfg = Debug|Any CPU
		{DA0B3D3E-3579-45FA-BCD7-6486F8F0BE26}.Debug|Any CPU.Build.0 = Debug|Any CPU
		{DA0B3D3E-3579-45FA-BCD7-6486F8F0BE26}.Release|Any CPU.ActiveCfg = Release|Any CPU
		{DA0B3D3E-3579-45FA-BCD7-6486F8F0BE26}.Release|Any CPU.Build.0 = Release|Any CPU
	EndGlobalSection
	GlobalSection(SolutionProperties) = preSolution
		HideSolutionNode = FALSE
	EndGlobalSection
	GlobalSection(NestedProjects) = preSolution
		{FCD8D62D-2699-4601-A29A-E144DB466319} = {09500149-EE68-4026-950A-CB2F72DDFD4B}
		{548A038D-51F1-49A6-9351-14576EBB2527} = {09500149-EE68-4026-950A-CB2F72DDFD4B}
		{20DEF829-03D6-496F-985F-E401154D8F19} = {09500149-EE68-4026-950A-CB2F72DDFD4B}
		{70B4A810-382C-4DB1-B24F-25B2302DAE6C} = {09500149-EE68-4026-950A-CB2F72DDFD4B}
		{647EC795-5A8D-4E62-91BF-FC618691B218} = {09500149-EE68-4026-950A-CB2F72DDFD4B}
		{F540D65B-FA68-4F45-9755-150C67CA4CAC} = {09500149-EE68-4026-950A-CB2F72DDFD4B}
		{6F0E14D0-55F5-43A3-9CBD-06E9D117E878} = {09500149-EE68-4026-950A-CB2F72DDFD4B}
		{3CB15087-148C-4AA4-98CC-E9B70AAADEB3} = {09500149-EE68-4026-950A-CB2F72DDFD4B}
		{84F530C8-85F9-44D0-BBB6-F70555274D9F} = {09500149-EE68-4026-950A-CB2F72DDFD4B}
		{0C0BA832-0A40-402E-A011-1CEB1D054877} = {09500149-EE68-4026-950A-CB2F72DDFD4B}
		{C9168D16-0285-46A1-A7B6-7FE29D78E891} = {09500149-EE68-4026-950A-CB2F72DDFD4B}
		{7B14E1C1-CA1A-44AF-AFD7-A56049F0798D} = {40BB5A39-D9CA-4C56-8E42-AE3ABFC35DBD}
		{135EEF22-B3AD-4765-90DE-AECF97D9047D} = {40BB5A39-D9CA-4C56-8E42-AE3ABFC35DBD}
		{4A1E97DB-C412-4B26-A96E-EE978A131173} = {40BB5A39-D9CA-4C56-8E42-AE3ABFC35DBD}
		{6F137A30-4D3E-425E-9D43-C680EE60B3DD} = {40BB5A39-D9CA-4C56-8E42-AE3ABFC35DBD}
		{F1C643C7-5507-49B4-95BE-3AD9622011D1} = {40BB5A39-D9CA-4C56-8E42-AE3ABFC35DBD}
		{65168589-72BA-41DB-9160-67CAEAF71CD8} = {40BB5A39-D9CA-4C56-8E42-AE3ABFC35DBD}
		{F39F9EA8-E152-44B0-BB1D-CB46BF88B466} = {49220397-56D3-42F8-930E-9834FA2A98E9}
		{55327DAB-7E37-4CB8-8307-4CA0B9E312D6} = {49220397-56D3-42F8-930E-9834FA2A98E9}
		{3B8FF532-B456-4B59-825D-B39AB5A67EC9} = {49220397-56D3-42F8-930E-9834FA2A98E9}
		{CD2A7DDD-2713-4760-AEBF-278D315FE311} = {49220397-56D3-42F8-930E-9834FA2A98E9}
		{66050720-F426-478C-98EC-28AB0D3D6966} = {49220397-56D3-42F8-930E-9834FA2A98E9}
		{8E7C1F7D-1BC4-411C-93F4-0385E97047EC} = {49220397-56D3-42F8-930E-9834FA2A98E9}
		{DA0B3D3E-3579-45FA-BCD7-6486F8F0BE26} = {49220397-56D3-42F8-930E-9834FA2A98E9}
	EndGlobalSection
	GlobalSection(ExtensibilityGlobals) = postSolution
		SolutionGuid = {DBC7A79C-39FA-4D3D-ACD8-FDD07C80FD88}
	EndGlobalSection
EndGlobal
